// !$*UTF8*$!
{
	archiveVersion = 1;
	classes = {
	};
	objectVersion = 50;
	objects = {

/* Begin PBXBuildFile section */
		47517CBD26FA5EFB00507525 /* ExampleView5.swift in Sources */ = {isa = PBXBuildFile; fileRef = 47517CBC26FA5EFB00507525 /* ExampleView5.swift */; };
		47517CBF26FA660800507525 /* ExampleView6.swift in Sources */ = {isa = PBXBuildFile; fileRef = 47517CBE26FA660800507525 /* ExampleView6.swift */; };
		4763FC1226ED62610014538B /* ExamplesApp.swift in Sources */ = {isa = PBXBuildFile; fileRef = 4763FC1126ED62610014538B /* ExamplesApp.swift */; };
		4763FC1426ED62610014538B /* ContentView.swift in Sources */ = {isa = PBXBuildFile; fileRef = 4763FC1326ED62610014538B /* ContentView.swift */; };
		4763FC1626ED62630014538B /* Assets.xcassets in Resources */ = {isa = PBXBuildFile; fileRef = 4763FC1526ED62630014538B /* Assets.xcassets */; };
		4763FC1926ED62630014538B /* Preview Assets.xcassets in Resources */ = {isa = PBXBuildFile; fileRef = 4763FC1826ED62630014538B /* Preview Assets.xcassets */; };
		4763FC2126ED626C0014538B /* ExampleView1.swift in Sources */ = {isa = PBXBuildFile; fileRef = 4763FC2026ED626C0014538B /* ExampleView1.swift */; };
		4763FC2326EE5F570014538B /* ExampleView2.swift in Sources */ = {isa = PBXBuildFile; fileRef = 4763FC2226EE5F570014538B /* ExampleView2.swift */; };
		47ADD3B426FBC31400265D70 /* ExampleView7.swift in Sources */ = {isa = PBXBuildFile; fileRef = 47ADD3B326FBC31400265D70 /* ExampleView7.swift */; };
		47ADD3B626FBC86500265D70 /* ImagePicker.swift in Sources */ = {isa = PBXBuildFile; fileRef = 47ADD3B526FBC86500265D70 /* ImagePicker.swift */; };
		47ADD3BA26FC2A3800265D70 /* ImageSaver.swift in Sources */ = {isa = PBXBuildFile; fileRef = 47ADD3B926FC2A3800265D70 /* ImageSaver.swift */; };
		47CBB682270A157E00713F7E /* ExampleView10.swift in Sources */ = {isa = PBXBuildFile; fileRef = 47CBB681270A157E00713F7E /* ExampleView10.swift */; };
		47CBB684270A175F00713F7E /* ImageInterpolationExampleView.swift in Sources */ = {isa = PBXBuildFile; fileRef = 47CBB683270A175F00713F7E /* ImageInterpolationExampleView.swift */; };
		47DC064226EFF744004457AB /* ExampleView3.swift in Sources */ = {isa = PBXBuildFile; fileRef = 47DC064126EFF744004457AB /* ExampleView3.swift */; };
		47DC064426F00347004457AB /* ExampleView4.swift in Sources */ = {isa = PBXBuildFile; fileRef = 47DC064326F00347004457AB /* ExampleView4.swift */; };
		47F0B0EE270A5FF000A52539 /* ContextMenuExampleView.swift in Sources */ = {isa = PBXBuildFile; fileRef = 47F0B0ED270A5FF000A52539 /* ContextMenuExampleView.swift */; };
		47F0B0F0270A662200A52539 /* NotificationsExampleView.swift in Sources */ = {isa = PBXBuildFile; fileRef = 47F0B0EF270A662200A52539 /* NotificationsExampleView.swift */; };
		47FB3F05270955A0002F6E51 /* ExampleView8.swift in Sources */ = {isa = PBXBuildFile; fileRef = 47FB3F04270955A0002F6E51 /* ExampleView8.swift */; };
		47FB3F072709617B002F6E51 /* ExampleView9.swift in Sources */ = {isa = PBXBuildFile; fileRef = 47FB3F062709617B002F6E51 /* ExampleView9.swift */; };
/* End PBXBuildFile section */

/* Begin PBXFileReference section */
		47517CBC26FA5EFB00507525 /* ExampleView5.swift */ = {isa = PBXFileReference; lastKnownFileType = sourcecode.swift; path = ExampleView5.swift; sourceTree = "<group>"; };
		47517CBE26FA660800507525 /* ExampleView6.swift */ = {isa = PBXFileReference; lastKnownFileType = sourcecode.swift; path = ExampleView6.swift; sourceTree = "<group>"; };
		4763FC0E26ED62610014538B /* Examples.app */ = {isa = PBXFileReference; explicitFileType = wrapper.application; includeInIndex = 0; path = Examples.app; sourceTree = BUILT_PRODUCTS_DIR; };
		4763FC1126ED62610014538B /* ExamplesApp.swift */ = {isa = PBXFileReference; lastKnownFileType = sourcecode.swift; path = ExamplesApp.swift; sourceTree = "<group>"; };
		4763FC1326ED62610014538B /* ContentView.swift */ = {isa = PBXFileReference; lastKnownFileType = sourcecode.swift; path = ContentView.swift; sourceTree = "<group>"; };
		4763FC1526ED62630014538B /* Assets.xcassets */ = {isa = PBXFileReference; lastKnownFileType = folder.assetcatalog; path = Assets.xcassets; sourceTree = "<group>"; };
		4763FC1826ED62630014538B /* Preview Assets.xcassets */ = {isa = PBXFileReference; lastKnownFileType = folder.assetcatalog; path = "Preview Assets.xcassets"; sourceTree = "<group>"; };
		4763FC1A26ED62630014538B /* Info.plist */ = {isa = PBXFileReference; lastKnownFileType = text.plist.xml; path = Info.plist; sourceTree = "<group>"; };
		4763FC2026ED626C0014538B /* ExampleView1.swift */ = {isa = PBXFileReference; lastKnownFileType = sourcecode.swift; path = ExampleView1.swift; sourceTree = "<group>"; };
		4763FC2226EE5F570014538B /* ExampleView2.swift */ = {isa = PBXFileReference; lastKnownFileType = sourcecode.swift; path = ExampleView2.swift; sourceTree = "<group>"; };
		47ADD3B326FBC31400265D70 /* ExampleView7.swift */ = {isa = PBXFileReference; lastKnownFileType = sourcecode.swift; path = ExampleView7.swift; sourceTree = "<group>"; };
		47ADD3B526FBC86500265D70 /* ImagePicker.swift */ = {isa = PBXFileReference; lastKnownFileType = sourcecode.swift; path = ImagePicker.swift; sourceTree = "<group>"; };
		47ADD3B926FC2A3800265D70 /* ImageSaver.swift */ = {isa = PBXFileReference; lastKnownFileType = sourcecode.swift; path = ImageSaver.swift; sourceTree = "<group>"; };
		47CBB681270A157E00713F7E /* ExampleView10.swift */ = {isa = PBXFileReference; lastKnownFileType = sourcecode.swift; path = ExampleView10.swift; sourceTree = "<group>"; };
		47CBB683270A175F00713F7E /* ImageInterpolationExampleView.swift */ = {isa = PBXFileReference; lastKnownFileType = sourcecode.swift; path = ImageInterpolationExampleView.swift; sourceTree = "<group>"; };
		47DC064126EFF744004457AB /* ExampleView3.swift */ = {isa = PBXFileReference; lastKnownFileType = sourcecode.swift; path = ExampleView3.swift; sourceTree = "<group>"; };
		47DC064326F00347004457AB /* ExampleView4.swift */ = {isa = PBXFileReference; lastKnownFileType = sourcecode.swift; path = ExampleView4.swift; sourceTree = "<group>"; };
		47F0B0ED270A5FF000A52539 /* ContextMenuExampleView.swift */ = {isa = PBXFileReference; lastKnownFileType = sourcecode.swift; path = ContextMenuExampleView.swift; sourceTree = "<group>"; };
		47F0B0EF270A662200A52539 /* NotificationsExampleView.swift */ = {isa = PBXFileReference; lastKnownFileType = sourcecode.swift; path = NotificationsExampleView.swift; sourceTree = "<group>"; };
		47FB3F04270955A0002F6E51 /* ExampleView8.swift */ = {isa = PBXFileReference; lastKnownFileType = sourcecode.swift; path = ExampleView8.swift; sourceTree = "<group>"; };
		47FB3F062709617B002F6E51 /* ExampleView9.swift */ = {isa = PBXFileReference; lastKnownFileType = sourcecode.swift; path = ExampleView9.swift; sourceTree = "<group>"; };
/* End PBXFileReference section */

/* Begin PBXFrameworksBuildPhase section */
		4763FC0B26ED62610014538B /* Frameworks */ = {
			isa = PBXFrameworksBuildPhase;
			buildActionMask = 2147483647;
			files = (
			);
			runOnlyForDeploymentPostprocessing = 0;
		};
/* End PBXFrameworksBuildPhase section */

/* Begin PBXGroup section */
		4763FC0526ED62610014538B = {
			isa = PBXGroup;
			children = (
				4763FC1026ED62610014538B /* Examples */,
				4763FC0F26ED62610014538B /* Products */,
			);
			sourceTree = "<group>";
		};
		4763FC0F26ED62610014538B /* Products */ = {
			isa = PBXGroup;
			children = (
				4763FC0E26ED62610014538B /* Examples.app */,
			);
			name = Products;
			sourceTree = "<group>";
		};
		4763FC1026ED62610014538B /* Examples */ = {
			isa = PBXGroup;
			children = (
				4763FC1126ED62610014538B /* ExamplesApp.swift */,
				4763FC1326ED62610014538B /* ContentView.swift */,
				4763FC2026ED626C0014538B /* ExampleView1.swift */,
				4763FC2226EE5F570014538B /* ExampleView2.swift */,
				47DC064126EFF744004457AB /* ExampleView3.swift */,
				47DC064326F00347004457AB /* ExampleView4.swift */,
				47517CBC26FA5EFB00507525 /* ExampleView5.swift */,
				47517CBE26FA660800507525 /* ExampleView6.swift */,
				47ADD3B326FBC31400265D70 /* ExampleView7.swift */,
				47FB3F04270955A0002F6E51 /* ExampleView8.swift */,
				47FB3F062709617B002F6E51 /* ExampleView9.swift */,
				47CBB681270A157E00713F7E /* ExampleView10.swift */,
				47CBB683270A175F00713F7E /* ImageInterpolationExampleView.swift */,
				47F0B0ED270A5FF000A52539 /* ContextMenuExampleView.swift */,
				47F0B0EF270A662200A52539 /* NotificationsExampleView.swift */,
				47ADD3B926FC2A3800265D70 /* ImageSaver.swift */,
				47ADD3B526FBC86500265D70 /* ImagePicker.swift */,
				4763FC1526ED62630014538B /* Assets.xcassets */,
				4763FC1A26ED62630014538B /* Info.plist */,
				4763FC1726ED62630014538B /* Preview Content */,
			);
			path = Examples;
			sourceTree = "<group>";
		};
		4763FC1726ED62630014538B /* Preview Content */ = {
			isa = PBXGroup;
			children = (
				4763FC1826ED62630014538B /* Preview Assets.xcassets */,
			);
			path = "Preview Content";
			sourceTree = "<group>";
		};
/* End PBXGroup section */

/* Begin PBXNativeTarget section */
		4763FC0D26ED62610014538B /* Examples */ = {
			isa = PBXNativeTarget;
			buildConfigurationList = 4763FC1D26ED62630014538B /* Build configuration list for PBXNativeTarget "Examples" */;
			buildPhases = (
				4763FC0A26ED62610014538B /* Sources */,
				4763FC0B26ED62610014538B /* Frameworks */,
				4763FC0C26ED62610014538B /* Resources */,
			);
			buildRules = (
			);
			dependencies = (
			);
			name = Examples;
			productName = Examples;
			productReference = 4763FC0E26ED62610014538B /* Examples.app */;
			productType = "com.apple.product-type.application";
		};
/* End PBXNativeTarget section */

/* Begin PBXProject section */
		4763FC0626ED62610014538B /* Project object */ = {
			isa = PBXProject;
			attributes = {
				LastSwiftUpdateCheck = 1250;
				LastUpgradeCheck = 1250;
				TargetAttributes = {
					4763FC0D26ED62610014538B = {
						CreatedOnToolsVersion = 12.5.1;
					};
				};
			};
			buildConfigurationList = 4763FC0926ED62610014538B /* Build configuration list for PBXProject "Examples" */;
			compatibilityVersion = "Xcode 9.3";
			developmentRegion = en;
			hasScannedForEncodings = 0;
			knownRegions = (
				en,
				Base,
			);
			mainGroup = 4763FC0526ED62610014538B;
			productRefGroup = 4763FC0F26ED62610014538B /* Products */;
			projectDirPath = "";
			projectRoot = "";
			targets = (
				4763FC0D26ED62610014538B /* Examples */,
			);
		};
/* End PBXProject section */

/* Begin PBXResourcesBuildPhase section */
		4763FC0C26ED62610014538B /* Resources */ = {
			isa = PBXResourcesBuildPhase;
			buildActionMask = 2147483647;
			files = (
				4763FC1926ED62630014538B /* Preview Assets.xcassets in Resources */,
				4763FC1626ED62630014538B /* Assets.xcassets in Resources */,
			);
			runOnlyForDeploymentPostprocessing = 0;
		};
/* End PBXResourcesBuildPhase section */

/* Begin PBXSourcesBuildPhase section */
		4763FC0A26ED62610014538B /* Sources */ = {
			isa = PBXSourcesBuildPhase;
			buildActionMask = 2147483647;
			files = (
				47CBB682270A157E00713F7E /* ExampleView10.swift in Sources */,
				47ADD3B426FBC31400265D70 /* ExampleView7.swift in Sources */,
				47DC064426F00347004457AB /* ExampleView4.swift in Sources */,
				47CBB684270A175F00713F7E /* ImageInterpolationExampleView.swift in Sources */,
				4763FC2126ED626C0014538B /* ExampleView1.swift in Sources */,
				47517CBF26FA660800507525 /* ExampleView6.swift in Sources */,
				4763FC1426ED62610014538B /* ContentView.swift in Sources */,
				47DC064226EFF744004457AB /* ExampleView3.swift in Sources */,
				47F0B0EE270A5FF000A52539 /* ContextMenuExampleView.swift in Sources */,
				47F0B0F0270A662200A52539 /* NotificationsExampleView.swift in Sources */,
				47517CBD26FA5EFB00507525 /* ExampleView5.swift in Sources */,
				47ADD3BA26FC2A3800265D70 /* ImageSaver.swift in Sources */,
				47FB3F072709617B002F6E51 /* ExampleView9.swift in Sources */,
				47FB3F05270955A0002F6E51 /* ExampleView8.swift in Sources */,
				47ADD3B626FBC86500265D70 /* ImagePicker.swift in Sources */,
				4763FC2326EE5F570014538B /* ExampleView2.swift in Sources */,
				4763FC1226ED62610014538B /* ExamplesApp.swift in Sources */,
			);
			runOnlyForDeploymentPostprocessing = 0;
		};
/* End PBXSourcesBuildPhase section */

/* Begin XCBuildConfiguration section */
		4763FC1B26ED62630014538B /* Debug */ = {
			isa = XCBuildConfiguration;
			buildSettings = {
				ALWAYS_SEARCH_USER_PATHS = NO;
				CLANG_ANALYZER_NONNULL = YES;
				CLANG_ANALYZER_NUMBER_OBJECT_CONVERSION = YES_AGGRESSIVE;
				CLANG_CXX_LANGUAGE_STANDARD = "gnu++14";
				CLANG_CXX_LIBRARY = "libc++";
				CLANG_ENABLE_MODULES = YES;
				CLANG_ENABLE_OBJC_ARC = YES;
				CLANG_ENABLE_OBJC_WEAK = YES;
				CLANG_WARN_BLOCK_CAPTURE_AUTORELEASING = YES;
				CLANG_WARN_BOOL_CONVERSION = YES;
				CLANG_WARN_COMMA = YES;
				CLANG_WARN_CONSTANT_CONVERSION = YES;
				CLANG_WARN_DEPRECATED_OBJC_IMPLEMENTATIONS = YES;
				CLANG_WARN_DIRECT_OBJC_ISA_USAGE = YES_ERROR;
				CLANG_WARN_DOCUMENTATION_COMMENTS = YES;
				CLANG_WARN_EMPTY_BODY = YES;
				CLANG_WARN_ENUM_CONVERSION = YES;
				CLANG_WARN_INFINITE_RECURSION = YES;
				CLANG_WARN_INT_CONVERSION = YES;
				CLANG_WARN_NON_LITERAL_NULL_CONVERSION = YES;
				CLANG_WARN_OBJC_IMPLICIT_RETAIN_SELF = YES;
				CLANG_WARN_OBJC_LITERAL_CONVERSION = YES;
				CLANG_WARN_OBJC_ROOT_CLASS = YES_ERROR;
				CLANG_WARN_QUOTED_INCLUDE_IN_FRAMEWORK_HEADER = YES;
				CLANG_WARN_RANGE_LOOP_ANALYSIS = YES;
				CLANG_WARN_STRICT_PROTOTYPES = YES;
				CLANG_WARN_SUSPICIOUS_MOVE = YES;
				CLANG_WARN_UNGUARDED_AVAILABILITY = YES_AGGRESSIVE;
				CLANG_WARN_UNREACHABLE_CODE = YES;
				CLANG_WARN__DUPLICATE_METHOD_MATCH = YES;
				COPY_PHASE_STRIP = NO;
				DEBUG_INFORMATION_FORMAT = dwarf;
				ENABLE_STRICT_OBJC_MSGSEND = YES;
				ENABLE_TESTABILITY = YES;
				GCC_C_LANGUAGE_STANDARD = gnu11;
				GCC_DYNAMIC_NO_PIC = NO;
				GCC_NO_COMMON_BLOCKS = YES;
				GCC_OPTIMIZATION_LEVEL = 0;
				GCC_PREPROCESSOR_DEFINITIONS = (
					"DEBUG=1",
					"$(inherited)",
				);
				GCC_WARN_64_TO_32_BIT_CONVERSION = YES;
				GCC_WARN_ABOUT_RETURN_TYPE = YES_ERROR;
				GCC_WARN_UNDECLARED_SELECTOR = YES;
				GCC_WARN_UNINITIALIZED_AUTOS = YES_AGGRESSIVE;
				GCC_WARN_UNUSED_FUNCTION = YES;
				GCC_WARN_UNUSED_VARIABLE = YES;
				IPHONEOS_DEPLOYMENT_TARGET = 14.5;
				MTL_ENABLE_DEBUG_INFO = INCLUDE_SOURCE;
				MTL_FAST_MATH = YES;
				ONLY_ACTIVE_ARCH = YES;
				SDKROOT = iphoneos;
				SWIFT_ACTIVE_COMPILATION_CONDITIONS = DEBUG;
				SWIFT_OPTIMIZATION_LEVEL = "-Onone";
			};
			name = Debug;
		};
		4763FC1C26ED62630014538B /* Release */ = {
			isa = XCBuildConfiguration;
			buildSettings = {
				ALWAYS_SEARCH_USER_PATHS = NO;
				CLANG_ANALYZER_NONNULL = YES;
				CLANG_ANALYZER_NUMBER_OBJECT_CONVERSION = YES_AGGRESSIVE;
				CLANG_CXX_LANGUAGE_STANDARD = "gnu++14";
				CLANG_CXX_LIBRARY = "libc++";
				CLANG_ENABLE_MODULES = YES;
				CLANG_ENABLE_OBJC_ARC = YES;
				CLANG_ENABLE_OBJC_WEAK = YES;
				CLANG_WARN_BLOCK_CAPTURE_AUTORELEASING = YES;
				CLANG_WARN_BOOL_CONVERSION = YES;
				CLANG_WARN_COMMA = YES;
				CLANG_WARN_CONSTANT_CONVERSION = YES;
				CLANG_WARN_DEPRECATED_OBJC_IMPLEMENTATIONS = YES;
				CLANG_WARN_DIRECT_OBJC_ISA_USAGE = YES_ERROR;
				CLANG_WARN_DOCUMENTATION_COMMENTS = YES;
				CLANG_WARN_EMPTY_BODY = YES;
				CLANG_WARN_ENUM_CONVERSION = YES;
				CLANG_WARN_INFINITE_RECURSION = YES;
				CLANG_WARN_INT_CONVERSION = YES;
				CLANG_WARN_NON_LITERAL_NULL_CONVERSION = YES;
				CLANG_WARN_OBJC_IMPLICIT_RETAIN_SELF = YES;
				CLANG_WARN_OBJC_LITERAL_CONVERSION = YES;
				CLANG_WARN_OBJC_ROOT_CLASS = YES_ERROR;
				CLANG_WARN_QUOTED_INCLUDE_IN_FRAMEWORK_HEADER = YES;
				CLANG_WARN_RANGE_LOOP_ANALYSIS = YES;
				CLANG_WARN_STRICT_PROTOTYPES = YES;
				CLANG_WARN_SUSPICIOUS_MOVE = YES;
				CLANG_WARN_UNGUARDED_AVAILABILITY = YES_AGGRESSIVE;
				CLANG_WARN_UNREACHABLE_CODE = YES;
				CLANG_WARN__DUPLICATE_METHOD_MATCH = YES;
				COPY_PHASE_STRIP = NO;
				DEBUG_INFORMATION_FORMAT = "dwarf-with-dsym";
				ENABLE_NS_ASSERTIONS = NO;
				ENABLE_STRICT_OBJC_MSGSEND = YES;
				GCC_C_LANGUAGE_STANDARD = gnu11;
				GCC_NO_COMMON_BLOCKS = YES;
				GCC_WARN_64_TO_32_BIT_CONVERSION = YES;
				GCC_WARN_ABOUT_RETURN_TYPE = YES_ERROR;
				GCC_WARN_UNDECLARED_SELECTOR = YES;
				GCC_WARN_UNINITIALIZED_AUTOS = YES_AGGRESSIVE;
				GCC_WARN_UNUSED_FUNCTION = YES;
				GCC_WARN_UNUSED_VARIABLE = YES;
				IPHONEOS_DEPLOYMENT_TARGET = 14.5;
				MTL_ENABLE_DEBUG_INFO = NO;
				MTL_FAST_MATH = YES;
				SDKROOT = iphoneos;
				SWIFT_COMPILATION_MODE = wholemodule;
				SWIFT_OPTIMIZATION_LEVEL = "-O";
				VALIDATE_PRODUCT = YES;
			};
			name = Release;
		};
		4763FC1E26ED62630014538B /* Debug */ = {
			isa = XCBuildConfiguration;
			buildSettings = {
				ASSETCATALOG_COMPILER_APPICON_NAME = AppIcon;
				ASSETCATALOG_COMPILER_GLOBAL_ACCENT_COLOR_NAME = AccentColor;
				CODE_SIGN_STYLE = Automatic;
				DEVELOPMENT_ASSET_PATHS = "\"Examples/Preview Content\"";
				DEVELOPMENT_TEAM = ZDU7N4AVB3;
				ENABLE_PREVIEWS = YES;
				INFOPLIST_FILE = Examples/Info.plist;
				IPHONEOS_DEPLOYMENT_TARGET = 14.0;
				LD_RUNPATH_SEARCH_PATHS = (
					"$(inherited)",
					"@executable_path/Frameworks",
				);
				PRODUCT_BUNDLE_IDENTIFIER = com.tiger.studios.Examples;
				PRODUCT_NAME = "$(TARGET_NAME)";
				SWIFT_VERSION = 5.0;
				TARGETED_DEVICE_FAMILY = "1,2";
			};
			name = Debug;
		};
		4763FC1F26ED62630014538B /* Release */ = {
			isa = XCBuildConfiguration;
			buildSettings = {
				ASSETCATALOG_COMPILER_APPICON_NAME = AppIcon;
				ASSETCATALOG_COMPILER_GLOBAL_ACCENT_COLOR_NAME = AccentColor;
				CODE_SIGN_STYLE = Automatic;
				DEVELOPMENT_ASSET_PATHS = "\"Examples/Preview Content\"";
				DEVELOPMENT_TEAM = ZDU7N4AVB3;
				ENABLE_PREVIEWS = YES;
				INFOPLIST_FILE = Examples/Info.plist;
				IPHONEOS_DEPLOYMENT_TARGET = 14.0;
				LD_RUNPATH_SEARCH_PATHS = (
					"$(inherited)",
					"@executable_path/Frameworks",
				);
				PRODUCT_BUNDLE_IDENTIFIER = com.tiger.studios.Examples;
				PRODUCT_NAME = "$(TARGET_NAME)";
				SWIFT_VERSION = 5.0;
				TARGETED_DEVICE_FAMILY = "1,2";
			};
			name = Release;
		};
/* End XCBuildConfiguration section */

/* Begin XCConfigurationList section */
		4763FC0926ED62610014538B /* Build configuration list for PBXProject "Examples" */ = {
			isa = XCConfigurationList;
			buildConfigurations = (
				4763FC1B26ED62630014538B /* Debug */,
				4763FC1C26ED62630014538B /* Release */,
			);
			defaultConfigurationIsVisible = 0;
			defaultConfigurationName = Release;
		};
		4763FC1D26ED62630014538B /* Build configuration list for PBXNativeTarget "Examples" */ = {
			isa = XCConfigurationList;
			buildConfigurations = (
				4763FC1E26ED62630014538B /* Debug */,
				4763FC1F26ED62630014538B /* Release */,
			);
			defaultConfigurationIsVisible = 0;
			defaultConfigurationName = Release;
		};
/* End XCConfigurationList section */
	};
	rootObject = 4763FC0626ED62610014538B /* Project object */;
}
