// !$*UTF8*$!
{
	archiveVersion = 1;
	classes = {
	};
	objectVersion = 55;
	objects = {

/* Begin PBXBuildFile section */
		47478E272707E14300B9EAB5 /* Photo+CoreDataClass.swift in Sources */ = {isa = PBXBuildFile; fileRef = 47478E252707E14300B9EAB5 /* Photo+CoreDataClass.swift */; };
		47478E282707E14300B9EAB5 /* Photo+CoreDataProperties.swift in Sources */ = {isa = PBXBuildFile; fileRef = 47478E262707E14300B9EAB5 /* Photo+CoreDataProperties.swift */; };
		47478E2B2708F22800B9EAB5 /* PhotoDetailView.swift in Sources */ = {isa = PBXBuildFile; fileRef = 47478E2A2708F22800B9EAB5 /* PhotoDetailView.swift */; };
		4795D4FA2707855F00A29FA8 /* PhotoBookApp.swift in Sources */ = {isa = PBXBuildFile; fileRef = 4795D4F92707855F00A29FA8 /* PhotoBookApp.swift */; };
		4795D4FC2707855F00A29FA8 /* ContentView.swift in Sources */ = {isa = PBXBuildFile; fileRef = 4795D4FB2707855F00A29FA8 /* ContentView.swift */; };
		4795D4FE2707856400A29FA8 /* Assets.xcassets in Resources */ = {isa = PBXBuildFile; fileRef = 4795D4FD2707856400A29FA8 /* Assets.xcassets */; };
		4795D5012707856400A29FA8 /* Preview Assets.xcassets in Resources */ = {isa = PBXBuildFile; fileRef = 4795D5002707856400A29FA8 /* Preview Assets.xcassets */; };
		4795D5032707856400A29FA8 /* Persistence.swift in Sources */ = {isa = PBXBuildFile; fileRef = 4795D5022707856400A29FA8 /* Persistence.swift */; };
		4795D5062707856400A29FA8 /* PhotoBook.xcdatamodeld in Sources */ = {isa = PBXBuildFile; fileRef = 4795D5042707856400A29FA8 /* PhotoBook.xcdatamodeld */; };
		4795D50D2707869300A29FA8 /* ImagePicker.swift in Sources */ = {isa = PBXBuildFile; fileRef = 4795D50C2707869300A29FA8 /* ImagePicker.swift */; };
		4795D50F2707911600A29FA8 /* AddPhotoView.swift in Sources */ = {isa = PBXBuildFile; fileRef = 4795D50E2707911600A29FA8 /* AddPhotoView.swift */; };
/* End PBXBuildFile section */

/* Begin PBXFileReference section */
		47478E252707E14300B9EAB5 /* Photo+CoreDataClass.swift */ = {isa = PBXFileReference; lastKnownFileType = sourcecode.swift; path = "Photo+CoreDataClass.swift"; sourceTree = "<group>"; };
		47478E262707E14300B9EAB5 /* Photo+CoreDataProperties.swift */ = {isa = PBXFileReference; lastKnownFileType = sourcecode.swift; path = "Photo+CoreDataProperties.swift"; sourceTree = "<group>"; };
		47478E2A2708F22800B9EAB5 /* PhotoDetailView.swift */ = {isa = PBXFileReference; lastKnownFileType = sourcecode.swift; path = PhotoDetailView.swift; sourceTree = "<group>"; };
		4795D4F62707855F00A29FA8 /* PhotoBook.app */ = {isa = PBXFileReference; explicitFileType = wrapper.application; includeInIndex = 0; path = PhotoBook.app; sourceTree = BUILT_PRODUCTS_DIR; };
		4795D4F92707855F00A29FA8 /* PhotoBookApp.swift */ = {isa = PBXFileReference; lastKnownFileType = sourcecode.swift; path = PhotoBookApp.swift; sourceTree = "<group>"; };
		4795D4FB2707855F00A29FA8 /* ContentView.swift */ = {isa = PBXFileReference; lastKnownFileType = sourcecode.swift; path = ContentView.swift; sourceTree = "<group>"; };
		4795D4FD2707856400A29FA8 /* Assets.xcassets */ = {isa = PBXFileReference; lastKnownFileType = folder.assetcatalog; path = Assets.xcassets; sourceTree = "<group>"; };
		4795D5002707856400A29FA8 /* Preview Assets.xcassets */ = {isa = PBXFileReference; lastKnownFileType = folder.assetcatalog; path = "Preview Assets.xcassets"; sourceTree = "<group>"; };
		4795D5022707856400A29FA8 /* Persistence.swift */ = {isa = PBXFileReference; lastKnownFileType = sourcecode.swift; path = Persistence.swift; sourceTree = "<group>"; };
		4795D5052707856400A29FA8 /* PhotoBook.xcdatamodel */ = {isa = PBXFileReference; lastKnownFileType = wrapper.xcdatamodel; path = PhotoBook.xcdatamodel; sourceTree = "<group>"; };
		4795D50C2707869300A29FA8 /* ImagePicker.swift */ = {isa = PBXFileReference; lastKnownFileType = sourcecode.swift; path = ImagePicker.swift; sourceTree = "<group>"; };
		4795D50E2707911600A29FA8 /* AddPhotoView.swift */ = {isa = PBXFileReference; lastKnownFileType = sourcecode.swift; path = AddPhotoView.swift; sourceTree = "<group>"; };
/* End PBXFileReference section */

/* Begin PBXFrameworksBuildPhase section */
		4795D4F32707855F00A29FA8 /* Frameworks */ = {
			isa = PBXFrameworksBuildPhase;
			buildActionMask = 2147483647;
			files = (
			);
			runOnlyForDeploymentPostprocessing = 0;
		};
/* End PBXFrameworksBuildPhase section */

/* Begin PBXGroup section */
		47478E292708F21100B9EAB5 /* Views */ = {
			isa = PBXGroup;
			children = (
				4795D4FB2707855F00A29FA8 /* ContentView.swift */,
				4795D50E2707911600A29FA8 /* AddPhotoView.swift */,
				47478E2A2708F22800B9EAB5 /* PhotoDetailView.swift */,
			);
			path = Views;
			sourceTree = "<group>";
		};
		4795D4ED2707855F00A29FA8 = {
			isa = PBXGroup;
			children = (
				4795D4F82707855F00A29FA8 /* PhotoBook */,
				4795D4F72707855F00A29FA8 /* Products */,
			);
			sourceTree = "<group>";
		};
		4795D4F72707855F00A29FA8 /* Products */ = {
			isa = PBXGroup;
			children = (
				4795D4F62707855F00A29FA8 /* PhotoBook.app */,
			);
			name = Products;
			sourceTree = "<group>";
		};
		4795D4F82707855F00A29FA8 /* PhotoBook */ = {
			isa = PBXGroup;
			children = (
				4795D4F92707855F00A29FA8 /* PhotoBookApp.swift */,
				4795D51A2707A9CA00A29FA8 /* Entities */,
				47478E292708F21100B9EAB5 /* Views */,
				4795D50C2707869300A29FA8 /* ImagePicker.swift */,
				4795D5022707856400A29FA8 /* Persistence.swift */,
				4795D4FD2707856400A29FA8 /* Assets.xcassets */,
				4795D5042707856400A29FA8 /* PhotoBook.xcdatamodeld */,
				4795D4FF2707856400A29FA8 /* Preview Content */,
			);
			path = PhotoBook;
			sourceTree = "<group>";
		};
		4795D4FF2707856400A29FA8 /* Preview Content */ = {
			isa = PBXGroup;
			children = (
				4795D5002707856400A29FA8 /* Preview Assets.xcassets */,
			);
			path = "Preview Content";
			sourceTree = "<group>";
		};
		4795D51A2707A9CA00A29FA8 /* Entities */ = {
			isa = PBXGroup;
			children = (
				47478E252707E14300B9EAB5 /* Photo+CoreDataClass.swift */,
				47478E262707E14300B9EAB5 /* Photo+CoreDataProperties.swift */,
			);
			path = Entities;
			sourceTree = "<group>";
		};
/* End PBXGroup section */

/* Begin PBXNativeTarget section */
		4795D4F52707855F00A29FA8 /* PhotoBook */ = {
			isa = PBXNativeTarget;
			buildConfigurationList = 4795D5092707856400A29FA8 /* Build configuration list for PBXNativeTarget "PhotoBook" */;
			buildPhases = (
				4795D4F22707855F00A29FA8 /* Sources */,
				4795D4F32707855F00A29FA8 /* Frameworks */,
				4795D4F42707855F00A29FA8 /* Resources */,
			);
			buildRules = (
			);
			dependencies = (
			);
			name = PhotoBook;
			productName = PhotoBook;
			productReference = 4795D4F62707855F00A29FA8 /* PhotoBook.app */;
			productType = "com.apple.product-type.application";
		};
/* End PBXNativeTarget section */

/* Begin PBXProject section */
		4795D4EE2707855F00A29FA8 /* Project object */ = {
			isa = PBXProject;
			attributes = {
				BuildIndependentTargetsInParallel = 1;
				LastSwiftUpdateCheck = 1300;
				LastUpgradeCheck = 1300;
				TargetAttributes = {
					4795D4F52707855F00A29FA8 = {
						CreatedOnToolsVersion = 13.0;
					};
				};
			};
			buildConfigurationList = 4795D4F12707855F00A29FA8 /* Build configuration list for PBXProject "PhotoBook" */;
			compatibilityVersion = "Xcode 13.0";
			developmentRegion = en;
			hasScannedForEncodings = 0;
			knownRegions = (
				en,
				Base,
			);
			mainGroup = 4795D4ED2707855F00A29FA8;
			productRefGroup = 4795D4F72707855F00A29FA8 /* Products */;
			projectDirPath = "";
			projectRoot = "";
			targets = (
				4795D4F52707855F00A29FA8 /* PhotoBook */,
			);
		};
/* End PBXProject section */

/* Begin PBXResourcesBuildPhase section */
		4795D4F42707855F00A29FA8 /* Resources */ = {
			isa = PBXResourcesBuildPhase;
			buildActionMask = 2147483647;
			files = (
				4795D5012707856400A29FA8 /* Preview Assets.xcassets in Resources */,
				4795D4FE2707856400A29FA8 /* Assets.xcassets in Resources */,
			);
			runOnlyForDeploymentPostprocessing = 0;
		};
/* End PBXResourcesBuildPhase section */

/* Begin PBXSourcesBuildPhase section */
		4795D4F22707855F00A29FA8 /* Sources */ = {
			isa = PBXSourcesBuildPhase;
			buildActionMask = 2147483647;
			files = (
				4795D5032707856400A29FA8 /* Persistence.swift in Sources */,
				47478E272707E14300B9EAB5 /* Photo+CoreDataClass.swift in Sources */,
				4795D4FC2707855F00A29FA8 /* ContentView.swift in Sources */,
				4795D50F2707911600A29FA8 /* AddPhotoView.swift in Sources */,
				4795D50D2707869300A29FA8 /* ImagePicker.swift in Sources */,
				4795D4FA2707855F00A29FA8 /* PhotoBookApp.swift in Sources */,
				47478E282707E14300B9EAB5 /* Photo+CoreDataProperties.swift in Sources */,
				4795D5062707856400A29FA8 /* PhotoBook.xcdatamodeld in Sources */,
				47478E2B2708F22800B9EAB5 /* PhotoDetailView.swift in Sources */,
			);
			runOnlyForDeploymentPostprocessing = 0;
		};
/* End PBXSourcesBuildPhase section */

/* Begin XCBuildConfiguration section */
		4795D5072707856400A29FA8 /* Debug */ = {
			isa = XCBuildConfiguration;
			buildSettings = {
				ALWAYS_SEARCH_USER_PATHS = NO;
				CLANG_ANALYZER_NONNULL = YES;
				CLANG_ANALYZER_NUMBER_OBJECT_CONVERSION = YES_AGGRESSIVE;
				CLANG_CXX_LANGUAGE_STANDARD = "gnu++17";
				CLANG_CXX_LIBRARY = "libc++";
				CLANG_ENABLE_MODULES = YES;
				CLANG_ENABLE_OBJC_ARC = YES;
				CLANG_ENABLE_OBJC_WEAK = YES;
				CLANG_WARN_BLOCK_CAPTURE_AUTORELEASING = YES;
				CLANG_WARN_BOOL_CONVERSION = YES;
				CLANG_WARN_COMMA = YES;
				CLANG_WARN_CONSTANT_CONVERSION = YES;
				CLANG_WARN_DEPRECATED_OBJC_IMPLEMENTATIONS = YES;
				CLANG_WARN_DIRECT_OBJC_ISA_USAGE = YES_ERROR;
				CLANG_WARN_DOCUMENTATION_COMMENTS = YES;
				CLANG_WARN_EMPTY_BODY = YES;
				CLANG_WARN_ENUM_CONVERSION = YES;
				CLANG_WARN_INFINITE_RECURSION = YES;
				CLANG_WARN_INT_CONVERSION = YES;
				CLANG_WARN_NON_LITERAL_NULL_CONVERSION = YES;
				CLANG_WARN_OBJC_IMPLICIT_RETAIN_SELF = YES;
				CLANG_WARN_OBJC_LITERAL_CONVERSION = YES;
				CLANG_WARN_OBJC_ROOT_CLASS = YES_ERROR;
				CLANG_WARN_QUOTED_INCLUDE_IN_FRAMEWORK_HEADER = YES;
				CLANG_WARN_RANGE_LOOP_ANALYSIS = YES;
				CLANG_WARN_STRICT_PROTOTYPES = YES;
				CLANG_WARN_SUSPICIOUS_MOVE = YES;
				CLANG_WARN_UNGUARDED_AVAILABILITY = YES_AGGRESSIVE;
				CLANG_WARN_UNREACHABLE_CODE = YES;
				CLANG_WARN__DUPLICATE_METHOD_MATCH = YES;
				COPY_PHASE_STRIP = NO;
				DEBUG_INFORMATION_FORMAT = dwarf;
				ENABLE_STRICT_OBJC_MSGSEND = YES;
				ENABLE_TESTABILITY = YES;
				GCC_C_LANGUAGE_STANDARD = gnu11;
				GCC_DYNAMIC_NO_PIC = NO;
				GCC_NO_COMMON_BLOCKS = YES;
				GCC_OPTIMIZATION_LEVEL = 0;
				GCC_PREPROCESSOR_DEFINITIONS = (
					"DEBUG=1",
					"$(inherited)",
				);
				GCC_WARN_64_TO_32_BIT_CONVERSION = YES;
				GCC_WARN_ABOUT_RETURN_TYPE = YES_ERROR;
				GCC_WARN_UNDECLARED_SELECTOR = YES;
				GCC_WARN_UNINITIALIZED_AUTOS = YES_AGGRESSIVE;
				GCC_WARN_UNUSED_FUNCTION = YES;
				GCC_WARN_UNUSED_VARIABLE = YES;
				IPHONEOS_DEPLOYMENT_TARGET = 15.0;
				MTL_ENABLE_DEBUG_INFO = INCLUDE_SOURCE;
				MTL_FAST_MATH = YES;
				ONLY_ACTIVE_ARCH = YES;
				SDKROOT = iphoneos;
				SWIFT_ACTIVE_COMPILATION_CONDITIONS = DEBUG;
				SWIFT_OPTIMIZATION_LEVEL = "-Onone";
			};
			name = Debug;
		};
		4795D5082707856400A29FA8 /* Release */ = {
			isa = XCBuildConfiguration;
			buildSettings = {
				ALWAYS_SEARCH_USER_PATHS = NO;
				CLANG_ANALYZER_NONNULL = YES;
				CLANG_ANALYZER_NUMBER_OBJECT_CONVERSION = YES_AGGRESSIVE;
				CLANG_CXX_LANGUAGE_STANDARD = "gnu++17";
				CLANG_CXX_LIBRARY = "libc++";
				CLANG_ENABLE_MODULES = YES;
				CLANG_ENABLE_OBJC_ARC = YES;
				CLANG_ENABLE_OBJC_WEAK = YES;
				CLANG_WARN_BLOCK_CAPTURE_AUTORELEASING = YES;
				CLANG_WARN_BOOL_CONVERSION = YES;
				CLANG_WARN_COMMA = YES;
				CLANG_WARN_CONSTANT_CONVERSION = YES;
				CLANG_WARN_DEPRECATED_OBJC_IMPLEMENTATIONS = YES;
				CLANG_WARN_DIRECT_OBJC_ISA_USAGE = YES_ERROR;
				CLANG_WARN_DOCUMENTATION_COMMENTS = YES;
				CLANG_WARN_EMPTY_BODY = YES;
				CLANG_WARN_ENUM_CONVERSION = YES;
				CLANG_WARN_INFINITE_RECURSION = YES;
				CLANG_WARN_INT_CONVERSION = YES;
				CLANG_WARN_NON_LITERAL_NULL_CONVERSION = YES;
				CLANG_WARN_OBJC_IMPLICIT_RETAIN_SELF = YES;
				CLANG_WARN_OBJC_LITERAL_CONVERSION = YES;
				CLANG_WARN_OBJC_ROOT_CLASS = YES_ERROR;
				CLANG_WARN_QUOTED_INCLUDE_IN_FRAMEWORK_HEADER = YES;
				CLANG_WARN_RANGE_LOOP_ANALYSIS = YES;
				CLANG_WARN_STRICT_PROTOTYPES = YES;
				CLANG_WARN_SUSPICIOUS_MOVE = YES;
				CLANG_WARN_UNGUARDED_AVAILABILITY = YES_AGGRESSIVE;
				CLANG_WARN_UNREACHABLE_CODE = YES;
				CLANG_WARN__DUPLICATE_METHOD_MATCH = YES;
				COPY_PHASE_STRIP = NO;
				DEBUG_INFORMATION_FORMAT = "dwarf-with-dsym";
				ENABLE_NS_ASSERTIONS = NO;
				ENABLE_STRICT_OBJC_MSGSEND = YES;
				GCC_C_LANGUAGE_STANDARD = gnu11;
				GCC_NO_COMMON_BLOCKS = YES;
				GCC_WARN_64_TO_32_BIT_CONVERSION = YES;
				GCC_WARN_ABOUT_RETURN_TYPE = YES_ERROR;
				GCC_WARN_UNDECLARED_SELECTOR = YES;
				GCC_WARN_UNINITIALIZED_AUTOS = YES_AGGRESSIVE;
				GCC_WARN_UNUSED_FUNCTION = YES;
				GCC_WARN_UNUSED_VARIABLE = YES;
				IPHONEOS_DEPLOYMENT_TARGET = 15.0;
				MTL_ENABLE_DEBUG_INFO = NO;
				MTL_FAST_MATH = YES;
				SDKROOT = iphoneos;
				SWIFT_COMPILATION_MODE = wholemodule;
				SWIFT_OPTIMIZATION_LEVEL = "-O";
				VALIDATE_PRODUCT = YES;
			};
			name = Release;
		};
		4795D50A2707856400A29FA8 /* Debug */ = {
			isa = XCBuildConfiguration;
			buildSettings = {
				ASSETCATALOG_COMPILER_APPICON_NAME = AppIcon;
				ASSETCATALOG_COMPILER_GLOBAL_ACCENT_COLOR_NAME = AccentColor;
				CODE_SIGN_STYLE = Automatic;
				CURRENT_PROJECT_VERSION = 1;
				DEVELOPMENT_ASSET_PATHS = "\"PhotoBook/Preview Content\"";
				DEVELOPMENT_TEAM = ZDU7N4AVB3;
				ENABLE_PREVIEWS = YES;
				GENERATE_INFOPLIST_FILE = YES;
				INFOPLIST_KEY_UIApplicationSceneManifest_Generation = YES;
				INFOPLIST_KEY_UIApplicationSupportsIndirectInputEvents = YES;
				INFOPLIST_KEY_UILaunchScreen_Generation = YES;
				INFOPLIST_KEY_UISupportedInterfaceOrientations_iPad = "UIInterfaceOrientationPortrait UIInterfaceOrientationPortraitUpsideDown UIInterfaceOrientationLandscapeLeft UIInterfaceOrientationLandscapeRight";
				INFOPLIST_KEY_UISupportedInterfaceOrientations_iPhone = "UIInterfaceOrientationPortrait UIInterfaceOrientationLandscapeLeft UIInterfaceOrientationLandscapeRight";
				IPHONEOS_DEPLOYMENT_TARGET = 14.0;
				LD_RUNPATH_SEARCH_PATHS = (
					"$(inherited)",
					"@executable_path/Frameworks",
				);
				MARKETING_VERSION = 1.0;
				PRODUCT_BUNDLE_IDENTIFIER = com.tiger.studios.PhotoBook;
				PRODUCT_NAME = "$(TARGET_NAME)";
				SWIFT_EMIT_LOC_STRINGS = YES;
				SWIFT_VERSION = 5.0;
				TARGETED_DEVICE_FAMILY = "1,2";
			};
			name = Debug;
		};
		4795D50B2707856400A29FA8 /* Release */ = {
			isa = XCBuildConfiguration;
			buildSettings = {
				ASSETCATALOG_COMPILER_APPICON_NAME = AppIcon;
				ASSETCATALOG_COMPILER_GLOBAL_ACCENT_COLOR_NAME = AccentColor;
				CODE_SIGN_STYLE = Automatic;
				CURRENT_PROJECT_VERSION = 1;
				DEVELOPMENT_ASSET_PATHS = "\"PhotoBook/Preview Content\"";
				DEVELOPMENT_TEAM = ZDU7N4AVB3;
				ENABLE_PREVIEWS = YES;
				GENERATE_INFOPLIST_FILE = YES;
				INFOPLIST_KEY_UIApplicationSceneManifest_Generation = YES;
				INFOPLIST_KEY_UIApplicationSupportsIndirectInputEvents = YES;
				INFOPLIST_KEY_UILaunchScreen_Generation = YES;
				INFOPLIST_KEY_UISupportedInterfaceOrientations_iPad = "UIInterfaceOrientationPortrait UIInterfaceOrientationPortraitUpsideDown UIInterfaceOrientationLandscapeLeft UIInterfaceOrientationLandscapeRight";
				INFOPLIST_KEY_UISupportedInterfaceOrientations_iPhone = "UIInterfaceOrientationPortrait UIInterfaceOrientationLandscapeLeft UIInterfaceOrientationLandscapeRight";
				IPHONEOS_DEPLOYMENT_TARGET = 14.0;
				LD_RUNPATH_SEARCH_PATHS = (
					"$(inherited)",
					"@executable_path/Frameworks",
				);
				MARKETING_VERSION = 1.0;
				PRODUCT_BUNDLE_IDENTIFIER = com.tiger.studios.PhotoBook;
				PRODUCT_NAME = "$(TARGET_NAME)";
				SWIFT_EMIT_LOC_STRINGS = YES;
				SWIFT_VERSION = 5.0;
				TARGETED_DEVICE_FAMILY = "1,2";
			};
			name = Release;
		};
/* End XCBuildConfiguration section */

/* Begin XCConfigurationList section */
		4795D4F12707855F00A29FA8 /* Build configuration list for PBXProject "PhotoBook" */ = {
			isa = XCConfigurationList;
			buildConfigurations = (
				4795D5072707856400A29FA8 /* Debug */,
				4795D5082707856400A29FA8 /* Release */,
			);
			defaultConfigurationIsVisible = 0;
			defaultConfigurationName = Release;
		};
		4795D5092707856400A29FA8 /* Build configuration list for PBXNativeTarget "PhotoBook" */ = {
			isa = XCConfigurationList;
			buildConfigurations = (
				4795D50A2707856400A29FA8 /* Debug */,
				4795D50B2707856400A29FA8 /* Release */,
			);
			defaultConfigurationIsVisible = 0;
			defaultConfigurationName = Release;
		};
/* End XCConfigurationList section */

/* Begin XCVersionGroup section */
		4795D5042707856400A29FA8 /* PhotoBook.xcdatamodeld */ = {
			isa = XCVersionGroup;
			children = (
				4795D5052707856400A29FA8 /* PhotoBook.xcdatamodel */,
			);
			currentVersion = 4795D5052707856400A29FA8 /* PhotoBook.xcdatamodel */;
			path = PhotoBook.xcdatamodeld;
			sourceTree = "<group>";
			versionGroupType = wrapper.xcdatamodel;
		};
/* End XCVersionGroup section */
	};
	rootObject = 4795D4EE2707855F00A29FA8 /* Project object */;
}
