// !$*UTF8*$!
{
	archiveVersion = 1;
	classes = {
	};
	objectVersion = 50;
	objects = {

/* Begin PBXBuildFile section */
		47FAE76A26E19857006CDE4A /* MultiplicationMadnessApp.swift in Sources */ = {isa = PBXBuildFile; fileRef = 47FAE76926E19857006CDE4A /* MultiplicationMadnessApp.swift */; };
		47FAE76C26E19857006CDE4A /* ContentView.swift in Sources */ = {isa = PBXBuildFile; fileRef = 47FAE76B26E19857006CDE4A /* ContentView.swift */; };
		47FAE76E26E19859006CDE4A /* Assets.xcassets in Resources */ = {isa = PBXBuildFile; fileRef = 47FAE76D26E19859006CDE4A /* Assets.xcassets */; };
		47FAE77126E19859006CDE4A /* Preview Assets.xcassets in Resources */ = {isa = PBXBuildFile; fileRef = 47FAE77026E19859006CDE4A /* Preview Assets.xcassets */; };
		47FAE77926E2B2F4006CDE4A /* SettingsView.swift in Sources */ = {isa = PBXBuildFile; fileRef = 47FAE77826E2B2F4006CDE4A /* SettingsView.swift */; };
		47FAE77B26E43AEE006CDE4A /* QuestionView.swift in Sources */ = {isa = PBXBuildFile; fileRef = 47FAE77A26E43AEE006CDE4A /* QuestionView.swift */; };
		47FAE77D26E441D0006CDE4A /* Question.swift in Sources */ = {isa = PBXBuildFile; fileRef = 47FAE77C26E441D0006CDE4A /* Question.swift */; };
		47FAE77F26E47503006CDE4A /* NumberButton.swift in Sources */ = {isa = PBXBuildFile; fileRef = 47FAE77E26E47503006CDE4A /* NumberButton.swift */; };
/* End PBXBuildFile section */

/* Begin PBXFileReference section */
		47FAE76626E19857006CDE4A /* MultiplicationMadness.app */ = {isa = PBXFileReference; explicitFileType = wrapper.application; includeInIndex = 0; path = MultiplicationMadness.app; sourceTree = BUILT_PRODUCTS_DIR; };
		47FAE76926E19857006CDE4A /* MultiplicationMadnessApp.swift */ = {isa = PBXFileReference; lastKnownFileType = sourcecode.swift; path = MultiplicationMadnessApp.swift; sourceTree = "<group>"; };
		47FAE76B26E19857006CDE4A /* ContentView.swift */ = {isa = PBXFileReference; lastKnownFileType = sourcecode.swift; path = ContentView.swift; sourceTree = "<group>"; };
		47FAE76D26E19859006CDE4A /* Assets.xcassets */ = {isa = PBXFileReference; lastKnownFileType = folder.assetcatalog; path = Assets.xcassets; sourceTree = "<group>"; };
		47FAE77026E19859006CDE4A /* Preview Assets.xcassets */ = {isa = PBXFileReference; lastKnownFileType = folder.assetcatalog; path = "Preview Assets.xcassets"; sourceTree = "<group>"; };
		47FAE77226E19859006CDE4A /* Info.plist */ = {isa = PBXFileReference; lastKnownFileType = text.plist.xml; path = Info.plist; sourceTree = "<group>"; };
		47FAE77826E2B2F4006CDE4A /* SettingsView.swift */ = {isa = PBXFileReference; lastKnownFileType = sourcecode.swift; path = SettingsView.swift; sourceTree = "<group>"; };
		47FAE77A26E43AEE006CDE4A /* QuestionView.swift */ = {isa = PBXFileReference; lastKnownFileType = sourcecode.swift; path = QuestionView.swift; sourceTree = "<group>"; };
		47FAE77C26E441D0006CDE4A /* Question.swift */ = {isa = PBXFileReference; lastKnownFileType = sourcecode.swift; path = Question.swift; sourceTree = "<group>"; };
		47FAE77E26E47503006CDE4A /* NumberButton.swift */ = {isa = PBXFileReference; lastKnownFileType = sourcecode.swift; path = NumberButton.swift; sourceTree = "<group>"; };
/* End PBXFileReference section */

/* Begin PBXFrameworksBuildPhase section */
		47FAE76326E19857006CDE4A /* Frameworks */ = {
			isa = PBXFrameworksBuildPhase;
			buildActionMask = 2147483647;
			files = (
			);
			runOnlyForDeploymentPostprocessing = 0;
		};
/* End PBXFrameworksBuildPhase section */

/* Begin PBXGroup section */
		47FAE75D26E19857006CDE4A = {
			isa = PBXGroup;
			children = (
				47FAE76826E19857006CDE4A /* MultiplicationMadness */,
				47FAE76726E19857006CDE4A /* Products */,
			);
			sourceTree = "<group>";
		};
		47FAE76726E19857006CDE4A /* Products */ = {
			isa = PBXGroup;
			children = (
				47FAE76626E19857006CDE4A /* MultiplicationMadness.app */,
			);
			name = Products;
			sourceTree = "<group>";
		};
		47FAE76826E19857006CDE4A /* MultiplicationMadness */ = {
			isa = PBXGroup;
			children = (
				47FAE76926E19857006CDE4A /* MultiplicationMadnessApp.swift */,
				47FAE76B26E19857006CDE4A /* ContentView.swift */,
				47FAE77826E2B2F4006CDE4A /* SettingsView.swift */,
				47FAE77A26E43AEE006CDE4A /* QuestionView.swift */,
				47FAE77C26E441D0006CDE4A /* Question.swift */,
				47FAE77E26E47503006CDE4A /* NumberButton.swift */,
				47FAE76D26E19859006CDE4A /* Assets.xcassets */,
				47FAE77226E19859006CDE4A /* Info.plist */,
				47FAE76F26E19859006CDE4A /* Preview Content */,
			);
			path = MultiplicationMadness;
			sourceTree = "<group>";
		};
		47FAE76F26E19859006CDE4A /* Preview Content */ = {
			isa = PBXGroup;
			children = (
				47FAE77026E19859006CDE4A /* Preview Assets.xcassets */,
			);
			path = "Preview Content";
			sourceTree = "<group>";
		};
/* End PBXGroup section */

/* Begin PBXNativeTarget section */
		47FAE76526E19857006CDE4A /* MultiplicationMadness */ = {
			isa = PBXNativeTarget;
			buildConfigurationList = 47FAE77526E19859006CDE4A /* Build configuration list for PBXNativeTarget "MultiplicationMadness" */;
			buildPhases = (
				47FAE76226E19857006CDE4A /* Sources */,
				47FAE76326E19857006CDE4A /* Frameworks */,
				47FAE76426E19857006CDE4A /* Resources */,
			);
			buildRules = (
			);
			dependencies = (
			);
			name = MultiplicationMadness;
			productName = MultiplicationMadness;
			productReference = 47FAE76626E19857006CDE4A /* MultiplicationMadness.app */;
			productType = "com.apple.product-type.application";
		};
/* End PBXNativeTarget section */

/* Begin PBXProject section */
		47FAE75E26E19857006CDE4A /* Project object */ = {
			isa = PBXProject;
			attributes = {
				LastSwiftUpdateCheck = 1250;
				LastUpgradeCheck = 1250;
				TargetAttributes = {
					47FAE76526E19857006CDE4A = {
						CreatedOnToolsVersion = 12.5.1;
					};
				};
			};
			buildConfigurationList = 47FAE76126E19857006CDE4A /* Build configuration list for PBXProject "MultiplicationMadness" */;
			compatibilityVersion = "Xcode 9.3";
			developmentRegion = en;
			hasScannedForEncodings = 0;
			knownRegions = (
				en,
				Base,
			);
			mainGroup = 47FAE75D26E19857006CDE4A;
			productRefGroup = 47FAE76726E19857006CDE4A /* Products */;
			projectDirPath = "";
			projectRoot = "";
			targets = (
				47FAE76526E19857006CDE4A /* MultiplicationMadness */,
			);
		};
/* End PBXProject section */

/* Begin PBXResourcesBuildPhase section */
		47FAE76426E19857006CDE4A /* Resources */ = {
			isa = PBXResourcesBuildPhase;
			buildActionMask = 2147483647;
			files = (
				47FAE77126E19859006CDE4A /* Preview Assets.xcassets in Resources */,
				47FAE76E26E19859006CDE4A /* Assets.xcassets in Resources */,
			);
			runOnlyForDeploymentPostprocessing = 0;
		};
/* End PBXResourcesBuildPhase section */

/* Begin PBXSourcesBuildPhase section */
		47FAE76226E19857006CDE4A /* Sources */ = {
			isa = PBXSourcesBuildPhase;
			buildActionMask = 2147483647;
			files = (
				47FAE77F26E47503006CDE4A /* NumberButton.swift in Sources */,
				47FAE77D26E441D0006CDE4A /* Question.swift in Sources */,
				47FAE77B26E43AEE006CDE4A /* QuestionView.swift in Sources */,
				47FAE77926E2B2F4006CDE4A /* SettingsView.swift in Sources */,
				47FAE76C26E19857006CDE4A /* ContentView.swift in Sources */,
				47FAE76A26E19857006CDE4A /* MultiplicationMadnessApp.swift in Sources */,
			);
			runOnlyForDeploymentPostprocessing = 0;
		};
/* End PBXSourcesBuildPhase section */

/* Begin XCBuildConfiguration section */
		47FAE77326E19859006CDE4A /* Debug */ = {
			isa = XCBuildConfiguration;
			buildSettings = {
				ALWAYS_SEARCH_USER_PATHS = NO;
				CLANG_ANALYZER_NONNULL = YES;
				CLANG_ANALYZER_NUMBER_OBJECT_CONVERSION = YES_AGGRESSIVE;
				CLANG_CXX_LANGUAGE_STANDARD = "gnu++14";
				CLANG_CXX_LIBRARY = "libc++";
				CLANG_ENABLE_MODULES = YES;
				CLANG_ENABLE_OBJC_ARC = YES;
				CLANG_ENABLE_OBJC_WEAK = YES;
				CLANG_WARN_BLOCK_CAPTURE_AUTORELEASING = YES;
				CLANG_WARN_BOOL_CONVERSION = YES;
				CLANG_WARN_COMMA = YES;
				CLANG_WARN_CONSTANT_CONVERSION = YES;
				CLANG_WARN_DEPRECATED_OBJC_IMPLEMENTATIONS = YES;
				CLANG_WARN_DIRECT_OBJC_ISA_USAGE = YES_ERROR;
				CLANG_WARN_DOCUMENTATION_COMMENTS = YES;
				CLANG_WARN_EMPTY_BODY = YES;
				CLANG_WARN_ENUM_CONVERSION = YES;
				CLANG_WARN_INFINITE_RECURSION = YES;
				CLANG_WARN_INT_CONVERSION = YES;
				CLANG_WARN_NON_LITERAL_NULL_CONVERSION = YES;
				CLANG_WARN_OBJC_IMPLICIT_RETAIN_SELF = YES;
				CLANG_WARN_OBJC_LITERAL_CONVERSION = YES;
				CLANG_WARN_OBJC_ROOT_CLASS = YES_ERROR;
				CLANG_WARN_QUOTED_INCLUDE_IN_FRAMEWORK_HEADER = YES;
				CLANG_WARN_RANGE_LOOP_ANALYSIS = YES;
				CLANG_WARN_STRICT_PROTOTYPES = YES;
				CLANG_WARN_SUSPICIOUS_MOVE = YES;
				CLANG_WARN_UNGUARDED_AVAILABILITY = YES_AGGRESSIVE;
				CLANG_WARN_UNREACHABLE_CODE = YES;
				CLANG_WARN__DUPLICATE_METHOD_MATCH = YES;
				COPY_PHASE_STRIP = NO;
				DEBUG_INFORMATION_FORMAT = dwarf;
				ENABLE_STRICT_OBJC_MSGSEND = YES;
				ENABLE_TESTABILITY = YES;
				GCC_C_LANGUAGE_STANDARD = gnu11;
				GCC_DYNAMIC_NO_PIC = NO;
				GCC_NO_COMMON_BLOCKS = YES;
				GCC_OPTIMIZATION_LEVEL = 0;
				GCC_PREPROCESSOR_DEFINITIONS = (
					"DEBUG=1",
					"$(inherited)",
				);
				GCC_WARN_64_TO_32_BIT_CONVERSION = YES;
				GCC_WARN_ABOUT_RETURN_TYPE = YES_ERROR;
				GCC_WARN_UNDECLARED_SELECTOR = YES;
				GCC_WARN_UNINITIALIZED_AUTOS = YES_AGGRESSIVE;
				GCC_WARN_UNUSED_FUNCTION = YES;
				GCC_WARN_UNUSED_VARIABLE = YES;
				IPHONEOS_DEPLOYMENT_TARGET = 14.5;
				MTL_ENABLE_DEBUG_INFO = INCLUDE_SOURCE;
				MTL_FAST_MATH = YES;
				ONLY_ACTIVE_ARCH = YES;
				SDKROOT = iphoneos;
				SWIFT_ACTIVE_COMPILATION_CONDITIONS = DEBUG;
				SWIFT_OPTIMIZATION_LEVEL = "-Onone";
			};
			name = Debug;
		};
		47FAE77426E19859006CDE4A /* Release */ = {
			isa = XCBuildConfiguration;
			buildSettings = {
				ALWAYS_SEARCH_USER_PATHS = NO;
				CLANG_ANALYZER_NONNULL = YES;
				CLANG_ANALYZER_NUMBER_OBJECT_CONVERSION = YES_AGGRESSIVE;
				CLANG_CXX_LANGUAGE_STANDARD = "gnu++14";
				CLANG_CXX_LIBRARY = "libc++";
				CLANG_ENABLE_MODULES = YES;
				CLANG_ENABLE_OBJC_ARC = YES;
				CLANG_ENABLE_OBJC_WEAK = YES;
				CLANG_WARN_BLOCK_CAPTURE_AUTORELEASING = YES;
				CLANG_WARN_BOOL_CONVERSION = YES;
				CLANG_WARN_COMMA = YES;
				CLANG_WARN_CONSTANT_CONVERSION = YES;
				CLANG_WARN_DEPRECATED_OBJC_IMPLEMENTATIONS = YES;
				CLANG_WARN_DIRECT_OBJC_ISA_USAGE = YES_ERROR;
				CLANG_WARN_DOCUMENTATION_COMMENTS = YES;
				CLANG_WARN_EMPTY_BODY = YES;
				CLANG_WARN_ENUM_CONVERSION = YES;
				CLANG_WARN_INFINITE_RECURSION = YES;
				CLANG_WARN_INT_CONVERSION = YES;
				CLANG_WARN_NON_LITERAL_NULL_CONVERSION = YES;
				CLANG_WARN_OBJC_IMPLICIT_RETAIN_SELF = YES;
				CLANG_WARN_OBJC_LITERAL_CONVERSION = YES;
				CLANG_WARN_OBJC_ROOT_CLASS = YES_ERROR;
				CLANG_WARN_QUOTED_INCLUDE_IN_FRAMEWORK_HEADER = YES;
				CLANG_WARN_RANGE_LOOP_ANALYSIS = YES;
				CLANG_WARN_STRICT_PROTOTYPES = YES;
				CLANG_WARN_SUSPICIOUS_MOVE = YES;
				CLANG_WARN_UNGUARDED_AVAILABILITY = YES_AGGRESSIVE;
				CLANG_WARN_UNREACHABLE_CODE = YES;
				CLANG_WARN__DUPLICATE_METHOD_MATCH = YES;
				COPY_PHASE_STRIP = NO;
				DEBUG_INFORMATION_FORMAT = "dwarf-with-dsym";
				ENABLE_NS_ASSERTIONS = NO;
				ENABLE_STRICT_OBJC_MSGSEND = YES;
				GCC_C_LANGUAGE_STANDARD = gnu11;
				GCC_NO_COMMON_BLOCKS = YES;
				GCC_WARN_64_TO_32_BIT_CONVERSION = YES;
				GCC_WARN_ABOUT_RETURN_TYPE = YES_ERROR;
				GCC_WARN_UNDECLARED_SELECTOR = YES;
				GCC_WARN_UNINITIALIZED_AUTOS = YES_AGGRESSIVE;
				GCC_WARN_UNUSED_FUNCTION = YES;
				GCC_WARN_UNUSED_VARIABLE = YES;
				IPHONEOS_DEPLOYMENT_TARGET = 14.5;
				MTL_ENABLE_DEBUG_INFO = NO;
				MTL_FAST_MATH = YES;
				SDKROOT = iphoneos;
				SWIFT_COMPILATION_MODE = wholemodule;
				SWIFT_OPTIMIZATION_LEVEL = "-O";
				VALIDATE_PRODUCT = YES;
			};
			name = Release;
		};
		47FAE77626E19859006CDE4A /* Debug */ = {
			isa = XCBuildConfiguration;
			buildSettings = {
				ASSETCATALOG_COMPILER_APPICON_NAME = AppIcon;
				ASSETCATALOG_COMPILER_GLOBAL_ACCENT_COLOR_NAME = AccentColor;
				CODE_SIGN_STYLE = Automatic;
				DEVELOPMENT_ASSET_PATHS = "\"MultiplicationMadness/Preview Content\"";
				ENABLE_PREVIEWS = YES;
				INFOPLIST_FILE = MultiplicationMadness/Info.plist;
				IPHONEOS_DEPLOYMENT_TARGET = 14.0;
				LD_RUNPATH_SEARCH_PATHS = (
					"$(inherited)",
					"@executable_path/Frameworks",
				);
				PRODUCT_BUNDLE_IDENTIFIER = com.tiger.studios.MultiplicationMadness;
				PRODUCT_NAME = "$(TARGET_NAME)";
				SWIFT_VERSION = 5.0;
				TARGETED_DEVICE_FAMILY = "1,2";
			};
			name = Debug;
		};
		47FAE77726E19859006CDE4A /* Release */ = {
			isa = XCBuildConfiguration;
			buildSettings = {
				ASSETCATALOG_COMPILER_APPICON_NAME = AppIcon;
				ASSETCATALOG_COMPILER_GLOBAL_ACCENT_COLOR_NAME = AccentColor;
				CODE_SIGN_STYLE = Automatic;
				DEVELOPMENT_ASSET_PATHS = "\"MultiplicationMadness/Preview Content\"";
				ENABLE_PREVIEWS = YES;
				INFOPLIST_FILE = MultiplicationMadness/Info.plist;
				IPHONEOS_DEPLOYMENT_TARGET = 14.0;
				LD_RUNPATH_SEARCH_PATHS = (
					"$(inherited)",
					"@executable_path/Frameworks",
				);
				PRODUCT_BUNDLE_IDENTIFIER = com.tiger.studios.MultiplicationMadness;
				PRODUCT_NAME = "$(TARGET_NAME)";
				SWIFT_VERSION = 5.0;
				TARGETED_DEVICE_FAMILY = "1,2";
			};
			name = Release;
		};
/* End XCBuildConfiguration section */

/* Begin XCConfigurationList section */
		47FAE76126E19857006CDE4A /* Build configuration list for PBXProject "MultiplicationMadness" */ = {
			isa = XCConfigurationList;
			buildConfigurations = (
				47FAE77326E19859006CDE4A /* Debug */,
				47FAE77426E19859006CDE4A /* Release */,
			);
			defaultConfigurationIsVisible = 0;
			defaultConfigurationName = Release;
		};
		47FAE77526E19859006CDE4A /* Build configuration list for PBXNativeTarget "MultiplicationMadness" */ = {
			isa = XCConfigurationList;
			buildConfigurations = (
				47FAE77626E19859006CDE4A /* Debug */,
				47FAE77726E19859006CDE4A /* Release */,
			);
			defaultConfigurationIsVisible = 0;
			defaultConfigurationName = Release;
		};
/* End XCConfigurationList section */
	};
	rootObject = 47FAE75E26E19857006CDE4A /* Project object */;
}
