// !$*UTF8*$!
{
	archiveVersion = 1;
	classes = {
	};
	objectVersion = 50;
	objects = {

/* Begin PBXBuildFile section */
		47EAF5EF26DB161E00CFF857 /* AnimationsApp.swift in Sources */ = {isa = PBXBuildFile; fileRef = 47EAF5EE26DB161E00CFF857 /* AnimationsApp.swift */; };
		47EAF5F126DB161E00CFF857 /* ContentView.swift in Sources */ = {isa = PBXBuildFile; fileRef = 47EAF5F026DB161E00CFF857 /* ContentView.swift */; };
		47EAF5F326DB162000CFF857 /* Assets.xcassets in Resources */ = {isa = PBXBuildFile; fileRef = 47EAF5F226DB162000CFF857 /* Assets.xcassets */; };
		47EAF5F626DB162000CFF857 /* Preview Assets.xcassets in Resources */ = {isa = PBXBuildFile; fileRef = 47EAF5F526DB162000CFF857 /* Preview Assets.xcassets */; };
		47EAF5FE26DB1EF700CFF857 /* AnimationView.swift in Sources */ = {isa = PBXBuildFile; fileRef = 47EAF5FD26DB1EF700CFF857 /* AnimationView.swift */; };
		47EAF60026DB255200CFF857 /* AnimationView2.swift in Sources */ = {isa = PBXBuildFile; fileRef = 47EAF5FF26DB255200CFF857 /* AnimationView2.swift */; };
		47EAF60226DC675700CFF857 /* AnimationView3.swift in Sources */ = {isa = PBXBuildFile; fileRef = 47EAF60126DC675700CFF857 /* AnimationView3.swift */; };
		47EAF60426DC697D00CFF857 /* AnimationView4.swift in Sources */ = {isa = PBXBuildFile; fileRef = 47EAF60326DC697D00CFF857 /* AnimationView4.swift */; };
		47EAF60626DC6BF000CFF857 /* AnimationView5.swift in Sources */ = {isa = PBXBuildFile; fileRef = 47EAF60526DC6BF000CFF857 /* AnimationView5.swift */; };
		47EAF60826DC6CB300CFF857 /* AnimationView6.swift in Sources */ = {isa = PBXBuildFile; fileRef = 47EAF60726DC6CB300CFF857 /* AnimationView6.swift */; };
		47EAF60A26DC724F00CFF857 /* AnimationView7.swift in Sources */ = {isa = PBXBuildFile; fileRef = 47EAF60926DC724F00CFF857 /* AnimationView7.swift */; };
/* End PBXBuildFile section */

/* Begin PBXFileReference section */
		47EAF5EB26DB161E00CFF857 /* Animations.app */ = {isa = PBXFileReference; explicitFileType = wrapper.application; includeInIndex = 0; path = Animations.app; sourceTree = BUILT_PRODUCTS_DIR; };
		47EAF5EE26DB161E00CFF857 /* AnimationsApp.swift */ = {isa = PBXFileReference; lastKnownFileType = sourcecode.swift; path = AnimationsApp.swift; sourceTree = "<group>"; };
		47EAF5F026DB161E00CFF857 /* ContentView.swift */ = {isa = PBXFileReference; lastKnownFileType = sourcecode.swift; path = ContentView.swift; sourceTree = "<group>"; };
		47EAF5F226DB162000CFF857 /* Assets.xcassets */ = {isa = PBXFileReference; lastKnownFileType = folder.assetcatalog; path = Assets.xcassets; sourceTree = "<group>"; };
		47EAF5F526DB162000CFF857 /* Preview Assets.xcassets */ = {isa = PBXFileReference; lastKnownFileType = folder.assetcatalog; path = "Preview Assets.xcassets"; sourceTree = "<group>"; };
		47EAF5F726DB162000CFF857 /* Info.plist */ = {isa = PBXFileReference; lastKnownFileType = text.plist.xml; path = Info.plist; sourceTree = "<group>"; };
		47EAF5FD26DB1EF700CFF857 /* AnimationView.swift */ = {isa = PBXFileReference; lastKnownFileType = sourcecode.swift; path = AnimationView.swift; sourceTree = "<group>"; };
		47EAF5FF26DB255200CFF857 /* AnimationView2.swift */ = {isa = PBXFileReference; lastKnownFileType = sourcecode.swift; path = AnimationView2.swift; sourceTree = "<group>"; };
		47EAF60126DC675700CFF857 /* AnimationView3.swift */ = {isa = PBXFileReference; lastKnownFileType = sourcecode.swift; path = AnimationView3.swift; sourceTree = "<group>"; };
		47EAF60326DC697D00CFF857 /* AnimationView4.swift */ = {isa = PBXFileReference; lastKnownFileType = sourcecode.swift; path = AnimationView4.swift; sourceTree = "<group>"; };
		47EAF60526DC6BF000CFF857 /* AnimationView5.swift */ = {isa = PBXFileReference; lastKnownFileType = sourcecode.swift; path = AnimationView5.swift; sourceTree = "<group>"; };
		47EAF60726DC6CB300CFF857 /* AnimationView6.swift */ = {isa = PBXFileReference; lastKnownFileType = sourcecode.swift; path = AnimationView6.swift; sourceTree = "<group>"; };
		47EAF60926DC724F00CFF857 /* AnimationView7.swift */ = {isa = PBXFileReference; lastKnownFileType = sourcecode.swift; path = AnimationView7.swift; sourceTree = "<group>"; };
/* End PBXFileReference section */

/* Begin PBXFrameworksBuildPhase section */
		47EAF5E826DB161E00CFF857 /* Frameworks */ = {
			isa = PBXFrameworksBuildPhase;
			buildActionMask = 2147483647;
			files = (
			);
			runOnlyForDeploymentPostprocessing = 0;
		};
/* End PBXFrameworksBuildPhase section */

/* Begin PBXGroup section */
		47EAF5E226DB161E00CFF857 = {
			isa = PBXGroup;
			children = (
				47EAF5ED26DB161E00CFF857 /* Animations */,
				47EAF5EC26DB161E00CFF857 /* Products */,
			);
			sourceTree = "<group>";
		};
		47EAF5EC26DB161E00CFF857 /* Products */ = {
			isa = PBXGroup;
			children = (
				47EAF5EB26DB161E00CFF857 /* Animations.app */,
			);
			name = Products;
			sourceTree = "<group>";
		};
		47EAF5ED26DB161E00CFF857 /* Animations */ = {
			isa = PBXGroup;
			children = (
				47EAF5EE26DB161E00CFF857 /* AnimationsApp.swift */,
				47EAF5F026DB161E00CFF857 /* ContentView.swift */,
				47EAF5FD26DB1EF700CFF857 /* AnimationView.swift */,
				47EAF5FF26DB255200CFF857 /* AnimationView2.swift */,
				47EAF60126DC675700CFF857 /* AnimationView3.swift */,
				47EAF60326DC697D00CFF857 /* AnimationView4.swift */,
				47EAF60526DC6BF000CFF857 /* AnimationView5.swift */,
				47EAF60726DC6CB300CFF857 /* AnimationView6.swift */,
				47EAF60926DC724F00CFF857 /* AnimationView7.swift */,
				47EAF5F226DB162000CFF857 /* Assets.xcassets */,
				47EAF5F726DB162000CFF857 /* Info.plist */,
				47EAF5F426DB162000CFF857 /* Preview Content */,
			);
			path = Animations;
			sourceTree = "<group>";
		};
		47EAF5F426DB162000CFF857 /* Preview Content */ = {
			isa = PBXGroup;
			children = (
				47EAF5F526DB162000CFF857 /* Preview Assets.xcassets */,
			);
			path = "Preview Content";
			sourceTree = "<group>";
		};
/* End PBXGroup section */

/* Begin PBXNativeTarget section */
		47EAF5EA26DB161E00CFF857 /* Animations */ = {
			isa = PBXNativeTarget;
			buildConfigurationList = 47EAF5FA26DB162000CFF857 /* Build configuration list for PBXNativeTarget "Animations" */;
			buildPhases = (
				47EAF5E726DB161E00CFF857 /* Sources */,
				47EAF5E826DB161E00CFF857 /* Frameworks */,
				47EAF5E926DB161E00CFF857 /* Resources */,
			);
			buildRules = (
			);
			dependencies = (
			);
			name = Animations;
			productName = Animations;
			productReference = 47EAF5EB26DB161E00CFF857 /* Animations.app */;
			productType = "com.apple.product-type.application";
		};
/* End PBXNativeTarget section */

/* Begin PBXProject section */
		47EAF5E326DB161E00CFF857 /* Project object */ = {
			isa = PBXProject;
			attributes = {
				LastSwiftUpdateCheck = 1250;
				LastUpgradeCheck = 1250;
				TargetAttributes = {
					47EAF5EA26DB161E00CFF857 = {
						CreatedOnToolsVersion = 12.5.1;
					};
				};
			};
			buildConfigurationList = 47EAF5E626DB161E00CFF857 /* Build configuration list for PBXProject "Animations" */;
			compatibilityVersion = "Xcode 9.3";
			developmentRegion = en;
			hasScannedForEncodings = 0;
			knownRegions = (
				en,
				Base,
			);
			mainGroup = 47EAF5E226DB161E00CFF857;
			productRefGroup = 47EAF5EC26DB161E00CFF857 /* Products */;
			projectDirPath = "";
			projectRoot = "";
			targets = (
				47EAF5EA26DB161E00CFF857 /* Animations */,
			);
		};
/* End PBXProject section */

/* Begin PBXResourcesBuildPhase section */
		47EAF5E926DB161E00CFF857 /* Resources */ = {
			isa = PBXResourcesBuildPhase;
			buildActionMask = 2147483647;
			files = (
				47EAF5F626DB162000CFF857 /* Preview Assets.xcassets in Resources */,
				47EAF5F326DB162000CFF857 /* Assets.xcassets in Resources */,
			);
			runOnlyForDeploymentPostprocessing = 0;
		};
/* End PBXResourcesBuildPhase section */

/* Begin PBXSourcesBuildPhase section */
		47EAF5E726DB161E00CFF857 /* Sources */ = {
			isa = PBXSourcesBuildPhase;
			buildActionMask = 2147483647;
			files = (
				47EAF60826DC6CB300CFF857 /* AnimationView6.swift in Sources */,
				47EAF60026DB255200CFF857 /* AnimationView2.swift in Sources */,
				47EAF5FE26DB1EF700CFF857 /* AnimationView.swift in Sources */,
				47EAF5F126DB161E00CFF857 /* ContentView.swift in Sources */,
				47EAF5EF26DB161E00CFF857 /* AnimationsApp.swift in Sources */,
				47EAF60426DC697D00CFF857 /* AnimationView4.swift in Sources */,
				47EAF60A26DC724F00CFF857 /* AnimationView7.swift in Sources */,
				47EAF60226DC675700CFF857 /* AnimationView3.swift in Sources */,
				47EAF60626DC6BF000CFF857 /* AnimationView5.swift in Sources */,
			);
			runOnlyForDeploymentPostprocessing = 0;
		};
/* End PBXSourcesBuildPhase section */

/* Begin XCBuildConfiguration section */
		47EAF5F826DB162000CFF857 /* Debug */ = {
			isa = XCBuildConfiguration;
			buildSettings = {
				ALWAYS_SEARCH_USER_PATHS = NO;
				CLANG_ANALYZER_NONNULL = YES;
				CLANG_ANALYZER_NUMBER_OBJECT_CONVERSION = YES_AGGRESSIVE;
				CLANG_CXX_LANGUAGE_STANDARD = "gnu++14";
				CLANG_CXX_LIBRARY = "libc++";
				CLANG_ENABLE_MODULES = YES;
				CLANG_ENABLE_OBJC_ARC = YES;
				CLANG_ENABLE_OBJC_WEAK = YES;
				CLANG_WARN_BLOCK_CAPTURE_AUTORELEASING = YES;
				CLANG_WARN_BOOL_CONVERSION = YES;
				CLANG_WARN_COMMA = YES;
				CLANG_WARN_CONSTANT_CONVERSION = YES;
				CLANG_WARN_DEPRECATED_OBJC_IMPLEMENTATIONS = YES;
				CLANG_WARN_DIRECT_OBJC_ISA_USAGE = YES_ERROR;
				CLANG_WARN_DOCUMENTATION_COMMENTS = YES;
				CLANG_WARN_EMPTY_BODY = YES;
				CLANG_WARN_ENUM_CONVERSION = YES;
				CLANG_WARN_INFINITE_RECURSION = YES;
				CLANG_WARN_INT_CONVERSION = YES;
				CLANG_WARN_NON_LITERAL_NULL_CONVERSION = YES;
				CLANG_WARN_OBJC_IMPLICIT_RETAIN_SELF = YES;
				CLANG_WARN_OBJC_LITERAL_CONVERSION = YES;
				CLANG_WARN_OBJC_ROOT_CLASS = YES_ERROR;
				CLANG_WARN_QUOTED_INCLUDE_IN_FRAMEWORK_HEADER = YES;
				CLANG_WARN_RANGE_LOOP_ANALYSIS = YES;
				CLANG_WARN_STRICT_PROTOTYPES = YES;
				CLANG_WARN_SUSPICIOUS_MOVE = YES;
				CLANG_WARN_UNGUARDED_AVAILABILITY = YES_AGGRESSIVE;
				CLANG_WARN_UNREACHABLE_CODE = YES;
				CLANG_WARN__DUPLICATE_METHOD_MATCH = YES;
				COPY_PHASE_STRIP = NO;
				DEBUG_INFORMATION_FORMAT = dwarf;
				ENABLE_STRICT_OBJC_MSGSEND = YES;
				ENABLE_TESTABILITY = YES;
				GCC_C_LANGUAGE_STANDARD = gnu11;
				GCC_DYNAMIC_NO_PIC = NO;
				GCC_NO_COMMON_BLOCKS = YES;
				GCC_OPTIMIZATION_LEVEL = 0;
				GCC_PREPROCESSOR_DEFINITIONS = (
					"DEBUG=1",
					"$(inherited)",
				);
				GCC_WARN_64_TO_32_BIT_CONVERSION = YES;
				GCC_WARN_ABOUT_RETURN_TYPE = YES_ERROR;
				GCC_WARN_UNDECLARED_SELECTOR = YES;
				GCC_WARN_UNINITIALIZED_AUTOS = YES_AGGRESSIVE;
				GCC_WARN_UNUSED_FUNCTION = YES;
				GCC_WARN_UNUSED_VARIABLE = YES;
				IPHONEOS_DEPLOYMENT_TARGET = 14.5;
				MTL_ENABLE_DEBUG_INFO = INCLUDE_SOURCE;
				MTL_FAST_MATH = YES;
				ONLY_ACTIVE_ARCH = YES;
				SDKROOT = iphoneos;
				SWIFT_ACTIVE_COMPILATION_CONDITIONS = DEBUG;
				SWIFT_OPTIMIZATION_LEVEL = "-Onone";
			};
			name = Debug;
		};
		47EAF5F926DB162000CFF857 /* Release */ = {
			isa = XCBuildConfiguration;
			buildSettings = {
				ALWAYS_SEARCH_USER_PATHS = NO;
				CLANG_ANALYZER_NONNULL = YES;
				CLANG_ANALYZER_NUMBER_OBJECT_CONVERSION = YES_AGGRESSIVE;
				CLANG_CXX_LANGUAGE_STANDARD = "gnu++14";
				CLANG_CXX_LIBRARY = "libc++";
				CLANG_ENABLE_MODULES = YES;
				CLANG_ENABLE_OBJC_ARC = YES;
				CLANG_ENABLE_OBJC_WEAK = YES;
				CLANG_WARN_BLOCK_CAPTURE_AUTORELEASING = YES;
				CLANG_WARN_BOOL_CONVERSION = YES;
				CLANG_WARN_COMMA = YES;
				CLANG_WARN_CONSTANT_CONVERSION = YES;
				CLANG_WARN_DEPRECATED_OBJC_IMPLEMENTATIONS = YES;
				CLANG_WARN_DIRECT_OBJC_ISA_USAGE = YES_ERROR;
				CLANG_WARN_DOCUMENTATION_COMMENTS = YES;
				CLANG_WARN_EMPTY_BODY = YES;
				CLANG_WARN_ENUM_CONVERSION = YES;
				CLANG_WARN_INFINITE_RECURSION = YES;
				CLANG_WARN_INT_CONVERSION = YES;
				CLANG_WARN_NON_LITERAL_NULL_CONVERSION = YES;
				CLANG_WARN_OBJC_IMPLICIT_RETAIN_SELF = YES;
				CLANG_WARN_OBJC_LITERAL_CONVERSION = YES;
				CLANG_WARN_OBJC_ROOT_CLASS = YES_ERROR;
				CLANG_WARN_QUOTED_INCLUDE_IN_FRAMEWORK_HEADER = YES;
				CLANG_WARN_RANGE_LOOP_ANALYSIS = YES;
				CLANG_WARN_STRICT_PROTOTYPES = YES;
				CLANG_WARN_SUSPICIOUS_MOVE = YES;
				CLANG_WARN_UNGUARDED_AVAILABILITY = YES_AGGRESSIVE;
				CLANG_WARN_UNREACHABLE_CODE = YES;
				CLANG_WARN__DUPLICATE_METHOD_MATCH = YES;
				COPY_PHASE_STRIP = NO;
				DEBUG_INFORMATION_FORMAT = "dwarf-with-dsym";
				ENABLE_NS_ASSERTIONS = NO;
				ENABLE_STRICT_OBJC_MSGSEND = YES;
				GCC_C_LANGUAGE_STANDARD = gnu11;
				GCC_NO_COMMON_BLOCKS = YES;
				GCC_WARN_64_TO_32_BIT_CONVERSION = YES;
				GCC_WARN_ABOUT_RETURN_TYPE = YES_ERROR;
				GCC_WARN_UNDECLARED_SELECTOR = YES;
				GCC_WARN_UNINITIALIZED_AUTOS = YES_AGGRESSIVE;
				GCC_WARN_UNUSED_FUNCTION = YES;
				GCC_WARN_UNUSED_VARIABLE = YES;
				IPHONEOS_DEPLOYMENT_TARGET = 14.5;
				MTL_ENABLE_DEBUG_INFO = NO;
				MTL_FAST_MATH = YES;
				SDKROOT = iphoneos;
				SWIFT_COMPILATION_MODE = wholemodule;
				SWIFT_OPTIMIZATION_LEVEL = "-O";
				VALIDATE_PRODUCT = YES;
			};
			name = Release;
		};
		47EAF5FB26DB162000CFF857 /* Debug */ = {
			isa = XCBuildConfiguration;
			buildSettings = {
				ASSETCATALOG_COMPILER_APPICON_NAME = AppIcon;
				ASSETCATALOG_COMPILER_GLOBAL_ACCENT_COLOR_NAME = AccentColor;
				CODE_SIGN_STYLE = Automatic;
				DEVELOPMENT_ASSET_PATHS = "\"Animations/Preview Content\"";
				ENABLE_PREVIEWS = YES;
				INFOPLIST_FILE = Animations/Info.plist;
				IPHONEOS_DEPLOYMENT_TARGET = 14.0;
				LD_RUNPATH_SEARCH_PATHS = (
					"$(inherited)",
					"@executable_path/Frameworks",
				);
				PRODUCT_BUNDLE_IDENTIFIER = com.tiger.studios.Animations;
				PRODUCT_NAME = "$(TARGET_NAME)";
				SWIFT_VERSION = 5.0;
				TARGETED_DEVICE_FAMILY = "1,2";
			};
			name = Debug;
		};
		47EAF5FC26DB162000CFF857 /* Release */ = {
			isa = XCBuildConfiguration;
			buildSettings = {
				ASSETCATALOG_COMPILER_APPICON_NAME = AppIcon;
				ASSETCATALOG_COMPILER_GLOBAL_ACCENT_COLOR_NAME = AccentColor;
				CODE_SIGN_STYLE = Automatic;
				DEVELOPMENT_ASSET_PATHS = "\"Animations/Preview Content\"";
				ENABLE_PREVIEWS = YES;
				INFOPLIST_FILE = Animations/Info.plist;
				IPHONEOS_DEPLOYMENT_TARGET = 14.0;
				LD_RUNPATH_SEARCH_PATHS = (
					"$(inherited)",
					"@executable_path/Frameworks",
				);
				PRODUCT_BUNDLE_IDENTIFIER = com.tiger.studios.Animations;
				PRODUCT_NAME = "$(TARGET_NAME)";
				SWIFT_VERSION = 5.0;
				TARGETED_DEVICE_FAMILY = "1,2";
			};
			name = Release;
		};
/* End XCBuildConfiguration section */

/* Begin XCConfigurationList section */
		47EAF5E626DB161E00CFF857 /* Build configuration list for PBXProject "Animations" */ = {
			isa = XCConfigurationList;
			buildConfigurations = (
				47EAF5F826DB162000CFF857 /* Debug */,
				47EAF5F926DB162000CFF857 /* Release */,
			);
			defaultConfigurationIsVisible = 0;
			defaultConfigurationName = Release;
		};
		47EAF5FA26DB162000CFF857 /* Build configuration list for PBXNativeTarget "Animations" */ = {
			isa = XCConfigurationList;
			buildConfigurations = (
				47EAF5FB26DB162000CFF857 /* Debug */,
				47EAF5FC26DB162000CFF857 /* Release */,
			);
			defaultConfigurationIsVisible = 0;
			defaultConfigurationName = Release;
		};
/* End XCConfigurationList section */
	};
	rootObject = 47EAF5E326DB161E00CFF857 /* Project object */;
}
